# This file is autogenerated, do not edit; changes may be undone by the next 'dep ensure'.


[[projects]]
  branch = "master"
  name = "github.com/vishvananda/netns"
  packages = ["."]
  revision = "86bef332bfc3b59b7624a600bd53009ce91a9829"

[solve-meta]
  analyzer-name = "dep"
  analyzer-version = 1
  inputs-digest = "1db55a6d2fdf2b06c7ab99a2d7cfe41b33520d6632d606cb5e528ad5a88b38fe"
  solver-name = "gps-cdcl"
  solver-version = 1
